
Microsoft Visual Studio Solution File, Format Version 12.00
# Visual Studio 14
VisualStudioVersion = 14.0.25420.1
MinimumVisualStudioVersion = 10.0.40219.1
Project("{8BC9CEB8-8B4A-11D0-8D11-00A0C91BC942}") = "UniversalServerEx", "UniversalServerEx.vcxproj", "{11ABD70A-07AE-4068-A5F2-A7C0A69F339D}"
EndProject
Global
	GlobalSection(SolutionConfigurationPlatforms) = preSolution
		Debug|x86 = Debug|x86
		Release|x86 = Release|x86
	EndGlobalSection
	GlobalSection(ProjectConfigurationPlatforms) = postSolution
		{11ABD70A-07AE-4068-A5F2-A7C0A69F339D}.Debug|x64.ActiveCfg = Debug|Win32
		{11ABD70A-07AE-4068-A5F2-A7C0A69F339D}.Debug|x86.ActiveCfg = Debug|Win32
		{11ABD70A-07AE-4068-A5F2-A7C0A69F339D}.Debug|x86.Build.0 = Debug|Win32
		{11ABD70A-07AE-4068-A5F2-A7C0A69F339D}.Release|x64.ActiveCfg = Release|Win32
		{11ABD70A-07AE-4068-A5F2-A7C0A69F339D}.Release|x86.ActiveCfg = Release|Win32
		{11ABD70A-07AE-4068-A5F2-A7C0A69F339D}.Release|x86.Build.0 = Release|Win32
	EndGlobalSection
	GlobalSection(SolutionProperties) = preSolution
		HideSolutionNode = FALSE
	EndGlobalSection
EndGlobal
