<?xml version="1.0" encoding="utf-8"?>
<Project ToolsVersion="4.0" xmlns="http://schemas.microsoft.com/developer/msbuild/2003">
  <ItemGroup>
    <Filter Include="Source files">
      <UniqueIdentifier>{fefff06b-b988-491a-bfdd-5077e8b99d11}</UniqueIdentifier>
      <Extensions>cpp;c;cc;cxx;def;odl;idl;hpj;bat;asm;asmx</Extensions>
    </Filter>
    <Filter Include="Header files">
      <UniqueIdentifier>{26e7f1fd-6fab-40f1-887b-0c6bfb0d3e45}</UniqueIdentifier>
      <Extensions>h;hpp;hxx;hm;inl;inc;xsd</Extensions>
    </Filter>
    <Filter Include="Resource files">
      <UniqueIdentifier>{6799ad40-fce5-4396-a369-38a0f61a4672}</UniqueIdentifier>
      <Extensions>rc;ico;cur;bmp;dlg;rc2;rct;bin;rgs;gif;jpg;jpeg;jpe;resx;tiff;tif;png;wav</Extensions>
    </Filter>
    <Filter Include="Make files">
      <UniqueIdentifier>{53c6885a-ee1f-4677-b7b3-320774ea538f}</UniqueIdentifier>
      <Extensions>*.mak</Extensions>
    </Filter>
    <Filter Include="VisualGDB settings">
      <UniqueIdentifier>{de321be1-5aa7-4021-837c-0153616d5822}</UniqueIdentifier>
      <Extensions>*.vgdbsettings</Extensions>
    </Filter>
  </ItemGroup>
  <ItemGroup>
    <ClCompile Include="UniversalServerEx.cpp">
      <Filter>Source files</Filter>
    </ClCompile>
    <ClCompile Include="Server.cpp">
      <Filter>Source files</Filter>
    </ClCompile>
    <ClCompile Include="Buffer.cpp">
      <Filter>Source files</Filter>
    </ClCompile>
    <ClCompile Include="STXProtocol.cpp">
      <Filter>Source files</Filter>
    </ClCompile>
  </ItemGroup>
  <ItemGroup>
    <None Include="Makefile" />
    <None Include="debug.mak">
      <Filter>Make files</Filter>
    </None>
    <None Include="UniversalServerEx-Debug.vgdbsettings">
      <Filter>VisualGDB settings</Filter>
    </None>
    <None Include="release.mak">
      <Filter>Make files</Filter>
    </None>
    <None Include="UniversalServerEx-Release.vgdbsettings">
      <Filter>VisualGDB settings</Filter>
    </None>
  </ItemGroup>
  <ItemGroup>
    <ClInclude Include="Server.h">
      <Filter>Header files</Filter>
    </ClInclude>
    <ClInclude Include="STXUtility.h">
      <Filter>Header files</Filter>
    </ClInclude>
    <ClInclude Include="ThreadPool.h">
      <Filter>Header files</Filter>
    </ClInclude>
    <ClInclude Include="Buffer.h">
      <Filter>Header files</Filter>
    </ClInclude>
    <ClInclude Include="STXProtocol.h">
      <Filter>Header files</Filter>
    </ClInclude>
  </ItemGroup>
</Project>